
Microsoft Visual Studio Solution File, Format Version 12.00
# Visual Studio Version 16
VisualStudioVersion = 16.0.29102.190
MinimumVisualStudioVersion = 10.0.40219.1
Project("{9A19103F-16F7-4668-BE54-9A1E7A4F7556}") = "WebApi.Lesson1.TodoApi", "WebApi.Lesson1.TodoApi\WebApi.Lesson1.TodoApi.csproj", "{1F7DCB4C-15EE-450A-8EF7-06DE3EB37DE7}"
EndProject
Project("{9A19103F-16F7-4668-BE54-9A1E7A4F7556}") = "WebApi.Lesson2.MongoDB.BooksApi", "WebApi.Lesson2.MongoDB.BooksApi\WebApi.Lesson2.MongoDB.BooksApi.csproj", "{1335EEDC-C92F-4227-9FF5-98A264D983F4}"
EndProject
Project("{9A19103F-16F7-4668-BE54-9A1E7A4F7556}") = "WebApi.Lesson3.Swagger.TodoApi", "WebApi.Lesson3.Swagger.TodoApi\WebApi.Lesson3.Swagger.TodoApi.csproj", "{CD2B31F2-7EF3-40EA-9242-A3D0D121B8C4}"
EndProject
Global
	GlobalSection(SolutionConfigurationPlatforms) = preSolution
		Debug|Any CPU = Debug|Any CPU
		Release|Any CPU = Release|Any CPU
	EndGlobalSection
	GlobalSection(ProjectConfigurationPlatforms) = postSolution
		{1F7DCB4C-15EE-450A-8EF7-06DE3EB37DE7}.Debug|Any CPU.ActiveCfg = Debug|Any CPU
		{1F7DCB4C-15EE-450A-8EF7-06DE3EB37DE7}.Debug|Any CPU.Build.0 = Debug|Any CPU
		{1F7DCB4C-15EE-450A-8EF7-06DE3EB37DE7}.Release|Any CPU.ActiveCfg = Release|Any CPU
		{1F7DCB4C-15EE-450A-8EF7-06DE3EB37DE7}.Release|Any CPU.Build.0 = Release|Any CPU
		{1335EEDC-C92F-4227-9FF5-98A264D983F4}.Debug|Any CPU.ActiveCfg = Debug|Any CPU
		{1335EEDC-C92F-4227-9FF5-98A264D983F4}.Debug|Any CPU.Build.0 = Debug|Any CPU
		{1335EEDC-C92F-4227-9FF5-98A264D983F4}.Release|Any CPU.ActiveCfg = Release|Any CPU
		{1335EEDC-C92F-4227-9FF5-98A264D983F4}.Release|Any CPU.Build.0 = Release|Any CPU
		{CD2B31F2-7EF3-40EA-9242-A3D0D121B8C4}.Debug|Any CPU.ActiveCfg = Debug|Any CPU
		{CD2B31F2-7EF3-40EA-9242-A3D0D121B8C4}.Debug|Any CPU.Build.0 = Debug|Any CPU
		{CD2B31F2-7EF3-40EA-9242-A3D0D121B8C4}.Release|Any CPU.ActiveCfg = Release|Any CPU
		{CD2B31F2-7EF3-40EA-9242-A3D0D121B8C4}.Release|Any CPU.Build.0 = Release|Any CPU
	EndGlobalSection
	GlobalSection(SolutionProperties) = preSolution
		HideSolutionNode = FALSE
	EndGlobalSection
	GlobalSection(ExtensibilityGlobals) = postSolution
		SolutionGuid = {3C2B457E-20E2-4A54-A338-FFFD459D39AF}
	EndGlobalSection
EndGlobal
